
Microsoft Visual Studio Solution File, Format Version 12.00
# Visual Studio Version 17
VisualStudioVersion = 17.9.34622.214
MinimumVisualStudioVersion = 10.0.40219.1
Project("{9A19103F-16F7-4668-BE54-9A1E7A4F7556}") = "ME.Popup", "ME.Popup\ME.Popup.csproj", "{6DED1322-744D-4C0B-AC97-F6137C3F1197}"
EndProject
Project("{9A19103F-16F7-4668-BE54-9A1E7A4F7556}") = "Sandbox", "Sandbox\Sandbox.csproj", "{11927059-EBD4-493F-8E8E-684FAB9EFEC8}"
EndProject
Global
	GlobalSection(SolutionConfigurationPlatforms) = preSolution
		Debug|Any CPU = Debug|Any CPU
		Release|Any CPU = Release|Any CPU
	EndGlobalSection
	GlobalSection(ProjectConfigurationPlatforms) = postSolution
		{6DED1322-744D-4C0B-AC97-F6137C3F1197}.Debug|Any CPU.ActiveCfg = Debug|Any CPU
		{6DED1322-744D-4C0B-AC97-F6137C3F1197}.Debug|Any CPU.Build.0 = Debug|Any CPU
		{6DED1322-744D-4C0B-AC97-F6137C3F1197}.Release|Any CPU.ActiveCfg = Release|Any CPU
		{6DED1322-744D-4C0B-AC97-F6137C3F1197}.Release|Any CPU.Build.0 = Release|Any CPU
		{11927059-EBD4-493F-8E8E-684FAB9EFEC8}.Debug|Any CPU.ActiveCfg = Debug|Any CPU
		{11927059-EBD4-493F-8E8E-684FAB9EFEC8}.Debug|Any CPU.Build.0 = Debug|Any CPU
		{11927059-EBD4-493F-8E8E-684FAB9EFEC8}.Release|Any CPU.ActiveCfg = Release|Any CPU
		{11927059-EBD4-493F-8E8E-684FAB9EFEC8}.Release|Any CPU.Build.0 = Release|Any CPU
	EndGlobalSection
	GlobalSection(SolutionProperties) = preSolution
		HideSolutionNode = FALSE
	EndGlobalSection
	GlobalSection(ExtensibilityGlobals) = postSolution
		SolutionGuid = {B3EF6FAB-C053-42E4-BDA5-45D03EDC0E5F}
	EndGlobalSection
EndGlobal
